
Microsoft Visual Studio Solution File, Format Version 12.00
# Visual Studio Version 16
VisualStudioVersion = 16.0.30204.135
MinimumVisualStudioVersion = 10.0.40219.1
Project("{9A19103F-16F7-4668-BE54-9A1E7A4F7556}") = "CracowZoo", "CracowZoo\CracowZoo\CracowZoo.csproj", "{5657BBE2-F1AB-4411-863E-8ACC30E8666D}"
EndProject
Project("{FAE04EC0-301F-11D3-BF4B-00C04F79EFBC}") = "CracowZoo.Android", "CracowZoo\CracowZoo.Android\CracowZoo.Android.csproj", "{F34A7EE2-FD5C-48F5-B2F5-B5A2131DD8E1}"
EndProject
Project("{FAE04EC0-301F-11D3-BF4B-00C04F79EFBC}") = "CracowZoo.iOS", "CracowZoo\CracowZoo.iOS\CracowZoo.iOS.csproj", "{F17B68CB-B318-4055-9D07-0BB497AE0D26}"
EndProject
Project("{9A19103F-16F7-4668-BE54-9A1E7A4F7556}") = "CracowZoo.DataAccess", "CracowZoo\CracowZoo.DataAccess\CracowZoo.DataAccess.csproj", "{20984902-CDC0-4044-9708-1071DF329A8D}"
EndProject
Project("{9A19103F-16F7-4668-BE54-9A1E7A4F7556}") = "CracowZoo.PlatformCore", "CracowZoo\CracowZoo.Core\CracowZoo.PlatformCore.csproj", "{FE528F51-2B36-4D1E-8697-5915A004C82B}"
EndProject
Project("{FAE04EC0-301F-11D3-BF4B-00C04F79EFBC}") = "CracowZoo.Data", "CracowZoo\CracowZoo.Data\CracowZoo.Data.csproj", "{184026C4-219C-4FB9-9D05-7F36D3B61A6F}"
EndProject
Global
	GlobalSection(SolutionConfigurationPlatforms) = preSolution
		Ad-Hoc|Any CPU = Ad-Hoc|Any CPU
		Ad-Hoc|iPhone = Ad-Hoc|iPhone
		Ad-Hoc|iPhoneSimulator = Ad-Hoc|iPhoneSimulator
		AppStore|Any CPU = AppStore|Any CPU
		AppStore|iPhone = AppStore|iPhone
		AppStore|iPhoneSimulator = AppStore|iPhoneSimulator
		Debug|Any CPU = Debug|Any CPU
		Debug|iPhone = Debug|iPhone
		Debug|iPhoneSimulator = Debug|iPhoneSimulator
		Release|Any CPU = Release|Any CPU
		Release|iPhone = Release|iPhone
		Release|iPhoneSimulator = Release|iPhoneSimulator
	EndGlobalSection
	GlobalSection(ProjectConfigurationPlatforms) = postSolution
		{5657BBE2-F1AB-4411-863E-8ACC30E8666D}.Ad-Hoc|Any CPU.ActiveCfg = Debug|Any CPU
		{5657BBE2-F1AB-4411-863E-8ACC30E8666D}.Ad-Hoc|Any CPU.Build.0 = Debug|Any CPU
		{5657BBE2-F1AB-4411-863E-8ACC30E8666D}.Ad-Hoc|iPhone.ActiveCfg = Debug|Any CPU
		{5657BBE2-F1AB-4411-863E-8ACC30E8666D}.Ad-Hoc|iPhone.Build.0 = Debug|Any CPU
		{5657BBE2-F1AB-4411-863E-8ACC30E8666D}.Ad-Hoc|iPhoneSimulator.ActiveCfg = Debug|Any CPU
		{5657BBE2-F1AB-4411-863E-8ACC30E8666D}.Ad-Hoc|iPhoneSimulator.Build.0 = Debug|Any CPU
		{5657BBE2-F1AB-4411-863E-8ACC30E8666D}.AppStore|Any CPU.ActiveCfg = Debug|Any CPU
		{5657BBE2-F1AB-4411-863E-8ACC30E8666D}.AppStore|Any CPU.Build.0 = Debug|Any CPU
		{5657BBE2-F1AB-4411-863E-8ACC30E8666D}.AppStore|iPhone.ActiveCfg = Debug|Any CPU
		{5657BBE2-F1AB-4411-863E-8ACC30E8666D}.AppStore|iPhone.Build.0 = Debug|Any CPU
		{5657BBE2-F1AB-4411-863E-8ACC30E8666D}.AppStore|iPhoneSimulator.ActiveCfg = Debug|Any CPU
		{5657BBE2-F1AB-4411-863E-8ACC30E8666D}.AppStore|iPhoneSimulator.Build.0 = Debug|Any CPU
		{5657BBE2-F1AB-4411-863E-8ACC30E8666D}.Debug|Any CPU.ActiveCfg = Debug|Any CPU
		{5657BBE2-F1AB-4411-863E-8ACC30E8666D}.Debug|Any CPU.Build.0 = Debug|Any CPU
		{5657BBE2-F1AB-4411-863E-8ACC30E8666D}.Debug|iPhone.ActiveCfg = Debug|Any CPU
		{5657BBE2-F1AB-4411-863E-8ACC30E8666D}.Debug|iPhone.Build.0 = Debug|Any CPU
		{5657BBE2-F1AB-4411-863E-8ACC30E8666D}.Debug|iPhoneSimulator.ActiveCfg = Debug|Any CPU
		{5657BBE2-F1AB-4411-863E-8ACC30E8666D}.Debug|iPhoneSimulator.Build.0 = Debug|Any CPU
		{5657BBE2-F1AB-4411-863E-8ACC30E8666D}.Release|Any CPU.ActiveCfg = Release|Any CPU
		{5657BBE2-F1AB-4411-863E-8ACC30E8666D}.Release|Any CPU.Build.0 = Release|Any CPU
		{5657BBE2-F1AB-4411-863E-8ACC30E8666D}.Release|iPhone.ActiveCfg = Release|Any CPU
		{5657BBE2-F1AB-4411-863E-8ACC30E8666D}.Release|iPhone.Build.0 = Release|Any CPU
		{5657BBE2-F1AB-4411-863E-8ACC30E8666D}.Release|iPhoneSimulator.ActiveCfg = Release|Any CPU
		{5657BBE2-F1AB-4411-863E-8ACC30E8666D}.Release|iPhoneSimulator.Build.0 = Release|Any CPU
		{F34A7EE2-FD5C-48F5-B2F5-B5A2131DD8E1}.Ad-Hoc|Any CPU.ActiveCfg = Release|Any CPU
		{F34A7EE2-FD5C-48F5-B2F5-B5A2131DD8E1}.Ad-Hoc|Any CPU.Build.0 = Release|Any CPU
		{F34A7EE2-FD5C-48F5-B2F5-B5A2131DD8E1}.Ad-Hoc|Any CPU.Deploy.0 = Release|Any CPU
		{F34A7EE2-FD5C-48F5-B2F5-B5A2131DD8E1}.Ad-Hoc|iPhone.ActiveCfg = Release|Any CPU
		{F34A7EE2-FD5C-48F5-B2F5-B5A2131DD8E1}.Ad-Hoc|iPhone.Build.0 = Release|Any CPU
		{F34A7EE2-FD5C-48F5-B2F5-B5A2131DD8E1}.Ad-Hoc|iPhone.Deploy.0 = Release|Any CPU
		{F34A7EE2-FD5C-48F5-B2F5-B5A2131DD8E1}.Ad-Hoc|iPhoneSimulator.ActiveCfg = Release|Any CPU
		{F34A7EE2-FD5C-48F5-B2F5-B5A2131DD8E1}.Ad-Hoc|iPhoneSimulator.Build.0 = Release|Any CPU
		{F34A7EE2-FD5C-48F5-B2F5-B5A2131DD8E1}.Ad-Hoc|iPhoneSimulator.Deploy.0 = Release|Any CPU
		{F34A7EE2-FD5C-48F5-B2F5-B5A2131DD8E1}.AppStore|Any CPU.ActiveCfg = Release|Any CPU
		{F34A7EE2-FD5C-48F5-B2F5-B5A2131DD8E1}.AppStore|Any CPU.Build.0 = Release|Any CPU
		{F34A7EE2-FD5C-48F5-B2F5-B5A2131DD8E1}.AppStore|Any CPU.Deploy.0 = Release|Any CPU
		{F34A7EE2-FD5C-48F5-B2F5-B5A2131DD8E1}.AppStore|iPhone.ActiveCfg = Release|Any CPU
		{F34A7EE2-FD5C-48F5-B2F5-B5A2131DD8E1}.AppStore|iPhone.Build.0 = Release|Any CPU
		{F34A7EE2-FD5C-48F5-B2F5-B5A2131DD8E1}.AppStore|iPhone.Deploy.0 = Release|Any CPU
		{F34A7EE2-FD5C-48F5-B2F5-B5A2131DD8E1}.AppStore|iPhoneSimulator.ActiveCfg = Release|Any CPU
		{F34A7EE2-FD5C-48F5-B2F5-B5A2131DD8E1}.AppStore|iPhoneSimulator.Build.0 = Release|Any CPU
		{F34A7EE2-FD5C-48F5-B2F5-B5A2131DD8E1}.AppStore|iPhoneSimulator.Deploy.0 = Release|Any CPU
		{F34A7EE2-FD5C-48F5-B2F5-B5A2131DD8E1}.Debug|Any CPU.ActiveCfg = Debug|Any CPU
		{F34A7EE2-FD5C-48F5-B2F5-B5A2131DD8E1}.Debug|Any CPU.Build.0 = Debug|Any CPU
		{F34A7EE2-FD5C-48F5-B2F5-B5A2131DD8E1}.Debug|Any CPU.Deploy.0 = Debug|Any CPU
		{F34A7EE2-FD5C-48F5-B2F5-B5A2131DD8E1}.Debug|iPhone.ActiveCfg = Debug|Any CPU
		{F34A7EE2-FD5C-48F5-B2F5-B5A2131DD8E1}.Debug|iPhone.Build.0 = Debug|Any CPU
		{F34A7EE2-FD5C-48F5-B2F5-B5A2131DD8E1}.Debug|iPhone.Deploy.0 = Debug|Any CPU
		{F34A7EE2-FD5C-48F5-B2F5-B5A2131DD8E1}.Debug|iPhoneSimulator.ActiveCfg = Debug|Any CPU
		{F34A7EE2-FD5C-48F5-B2F5-B5A2131DD8E1}.Debug|iPhoneSimulator.Build.0 = Debug|Any CPU
		{F34A7EE2-FD5C-48F5-B2F5-B5A2131DD8E1}.Debug|iPhoneSimulator.Deploy.0 = Debug|Any CPU
		{F34A7EE2-FD5C-48F5-B2F5-B5A2131DD8E1}.Release|Any CPU.ActiveCfg = Release|Any CPU
		{F34A7EE2-FD5C-48F5-B2F5-B5A2131DD8E1}.Release|Any CPU.Build.0 = Release|Any CPU
		{F34A7EE2-FD5C-48F5-B2F5-B5A2131DD8E1}.Release|Any CPU.Deploy.0 = Release|Any CPU
		{F34A7EE2-FD5C-48F5-B2F5-B5A2131DD8E1}.Release|iPhone.ActiveCfg = Release|Any CPU
		{F34A7EE2-FD5C-48F5-B2F5-B5A2131DD8E1}.Release|iPhone.Build.0 = Release|Any CPU
		{F34A7EE2-FD5C-48F5-B2F5-B5A2131DD8E1}.Release|iPhone.Deploy.0 = Release|Any CPU
		{F34A7EE2-FD5C-48F5-B2F5-B5A2131DD8E1}.Release|iPhoneSimulator.ActiveCfg = Release|Any CPU
		{F34A7EE2-FD5C-48F5-B2F5-B5A2131DD8E1}.Release|iPhoneSimulator.Build.0 = Release|Any CPU
		{F34A7EE2-FD5C-48F5-B2F5-B5A2131DD8E1}.Release|iPhoneSimulator.Deploy.0 = Release|Any CPU
		{F17B68CB-B318-4055-9D07-0BB497AE0D26}.Ad-Hoc|Any CPU.ActiveCfg = Ad-Hoc|iPhone
		{F17B68CB-B318-4055-9D07-0BB497AE0D26}.Ad-Hoc|iPhone.ActiveCfg = Ad-Hoc|iPhone
		{F17B68CB-B318-4055-9D07-0BB497AE0D26}.Ad-Hoc|iPhone.Build.0 = Ad-Hoc|iPhone
		{F17B68CB-B318-4055-9D07-0BB497AE0D26}.Ad-Hoc|iPhoneSimulator.ActiveCfg = Ad-Hoc|iPhoneSimulator
		{F17B68CB-B318-4055-9D07-0BB497AE0D26}.Ad-Hoc|iPhoneSimulator.Build.0 = Ad-Hoc|iPhoneSimulator
		{F17B68CB-B318-4055-9D07-0BB497AE0D26}.AppStore|Any CPU.ActiveCfg = AppStore|iPhone
		{F17B68CB-B318-4055-9D07-0BB497AE0D26}.AppStore|iPhone.ActiveCfg = AppStore|iPhone
		{F17B68CB-B318-4055-9D07-0BB497AE0D26}.AppStore|iPhone.Build.0 = AppStore|iPhone
		{F17B68CB-B318-4055-9D07-0BB497AE0D26}.AppStore|iPhoneSimulator.ActiveCfg = AppStore|iPhoneSimulator
		{F17B68CB-B318-4055-9D07-0BB497AE0D26}.AppStore|iPhoneSimulator.Build.0 = AppStore|iPhoneSimulator
		{F17B68CB-B318-4055-9D07-0BB497AE0D26}.Debug|Any CPU.ActiveCfg = Debug|iPhone
		{F17B68CB-B318-4055-9D07-0BB497AE0D26}.Debug|iPhone.ActiveCfg = Debug|iPhone
		{F17B68CB-B318-4055-9D07-0BB497AE0D26}.Debug|iPhone.Build.0 = Debug|iPhone
		{F17B68CB-B318-4055-9D07-0BB497AE0D26}.Debug|iPhoneSimulator.ActiveCfg = Debug|iPhoneSimulator
		{F17B68CB-B318-4055-9D07-0BB497AE0D26}.Debug|iPhoneSimulator.Build.0 = Debug|iPhoneSimulator
		{F17B68CB-B318-4055-9D07-0BB497AE0D26}.Release|Any CPU.ActiveCfg = Release|iPhone
		{F17B68CB-B318-4055-9D07-0BB497AE0D26}.Release|iPhone.ActiveCfg = Release|iPhone
		{F17B68CB-B318-4055-9D07-0BB497AE0D26}.Release|iPhone.Build.0 = Release|iPhone
		{F17B68CB-B318-4055-9D07-0BB497AE0D26}.Release|iPhoneSimulator.ActiveCfg = Release|iPhoneSimulator
		{F17B68CB-B318-4055-9D07-0BB497AE0D26}.Release|iPhoneSimulator.Build.0 = Release|iPhoneSimulator
		{20984902-CDC0-4044-9708-1071DF329A8D}.Ad-Hoc|Any CPU.ActiveCfg = Debug|Any CPU
		{20984902-CDC0-4044-9708-1071DF329A8D}.Ad-Hoc|Any CPU.Build.0 = Debug|Any CPU
		{20984902-CDC0-4044-9708-1071DF329A8D}.Ad-Hoc|iPhone.ActiveCfg = Debug|Any CPU
		{20984902-CDC0-4044-9708-1071DF329A8D}.Ad-Hoc|iPhone.Build.0 = Debug|Any CPU
		{20984902-CDC0-4044-9708-1071DF329A8D}.Ad-Hoc|iPhoneSimulator.ActiveCfg = Debug|Any CPU
		{20984902-CDC0-4044-9708-1071DF329A8D}.Ad-Hoc|iPhoneSimulator.Build.0 = Debug|Any CPU
		{20984902-CDC0-4044-9708-1071DF329A8D}.AppStore|Any CPU.ActiveCfg = Debug|Any CPU
		{20984902-CDC0-4044-9708-1071DF329A8D}.AppStore|Any CPU.Build.0 = Debug|Any CPU
		{20984902-CDC0-4044-9708-1071DF329A8D}.AppStore|iPhone.ActiveCfg = Debug|Any CPU
		{20984902-CDC0-4044-9708-1071DF329A8D}.AppStore|iPhone.Build.0 = Debug|Any CPU
		{20984902-CDC0-4044-9708-1071DF329A8D}.AppStore|iPhoneSimulator.ActiveCfg = Debug|Any CPU
		{20984902-CDC0-4044-9708-1071DF329A8D}.AppStore|iPhoneSimulator.Build.0 = Debug|Any CPU
		{20984902-CDC0-4044-9708-1071DF329A8D}.Debug|Any CPU.ActiveCfg = Debug|Any CPU
		{20984902-CDC0-4044-9708-1071DF329A8D}.Debug|Any CPU.Build.0 = Debug|Any CPU
		{20984902-CDC0-4044-9708-1071DF329A8D}.Debug|iPhone.ActiveCfg = Debug|Any CPU
		{20984902-CDC0-4044-9708-1071DF329A8D}.Debug|iPhone.Build.0 = Debug|Any CPU
		{20984902-CDC0-4044-9708-1071DF329A8D}.Debug|iPhoneSimulator.ActiveCfg = Debug|Any CPU
		{20984902-CDC0-4044-9708-1071DF329A8D}.Debug|iPhoneSimulator.Build.0 = Debug|Any CPU
		{20984902-CDC0-4044-9708-1071DF329A8D}.Release|Any CPU.ActiveCfg = Release|Any CPU
		{20984902-CDC0-4044-9708-1071DF329A8D}.Release|Any CPU.Build.0 = Release|Any CPU
		{20984902-CDC0-4044-9708-1071DF329A8D}.Release|iPhone.ActiveCfg = Release|Any CPU
		{20984902-CDC0-4044-9708-1071DF329A8D}.Release|iPhone.Build.0 = Release|Any CPU
		{20984902-CDC0-4044-9708-1071DF329A8D}.Release|iPhoneSimulator.ActiveCfg = Release|Any CPU
		{20984902-CDC0-4044-9708-1071DF329A8D}.Release|iPhoneSimulator.Build.0 = Release|Any CPU
		{FE528F51-2B36-4D1E-8697-5915A004C82B}.Ad-Hoc|Any CPU.ActiveCfg = Debug|Any CPU
		{FE528F51-2B36-4D1E-8697-5915A004C82B}.Ad-Hoc|Any CPU.Build.0 = Debug|Any CPU
		{FE528F51-2B36-4D1E-8697-5915A004C82B}.Ad-Hoc|iPhone.ActiveCfg = Debug|Any CPU
		{FE528F51-2B36-4D1E-8697-5915A004C82B}.Ad-Hoc|iPhone.Build.0 = Debug|Any CPU
		{FE528F51-2B36-4D1E-8697-5915A004C82B}.Ad-Hoc|iPhoneSimulator.ActiveCfg = Debug|Any CPU
		{FE528F51-2B36-4D1E-8697-5915A004C82B}.Ad-Hoc|iPhoneSimulator.Build.0 = Debug|Any CPU
		{FE528F51-2B36-4D1E-8697-5915A004C82B}.AppStore|Any CPU.ActiveCfg = Debug|Any CPU
		{FE528F51-2B36-4D1E-8697-5915A004C82B}.AppStore|Any CPU.Build.0 = Debug|Any CPU
		{FE528F51-2B36-4D1E-8697-5915A004C82B}.AppStore|iPhone.ActiveCfg = Debug|Any CPU
		{FE528F51-2B36-4D1E-8697-5915A004C82B}.AppStore|iPhone.Build.0 = Debug|Any CPU
		{FE528F51-2B36-4D1E-8697-5915A004C82B}.AppStore|iPhoneSimulator.ActiveCfg = Debug|Any CPU
		{FE528F51-2B36-4D1E-8697-5915A004C82B}.AppStore|iPhoneSimulator.Build.0 = Debug|Any CPU
		{FE528F51-2B36-4D1E-8697-5915A004C82B}.Debug|Any CPU.ActiveCfg = Debug|Any CPU
		{FE528F51-2B36-4D1E-8697-5915A004C82B}.Debug|Any CPU.Build.0 = Debug|Any CPU
		{FE528F51-2B36-4D1E-8697-5915A004C82B}.Debug|iPhone.ActiveCfg = Debug|Any CPU
		{FE528F51-2B36-4D1E-8697-5915A004C82B}.Debug|iPhone.Build.0 = Debug|Any CPU
		{FE528F51-2B36-4D1E-8697-5915A004C82B}.Debug|iPhoneSimulator.ActiveCfg = Debug|Any CPU
		{FE528F51-2B36-4D1E-8697-5915A004C82B}.Debug|iPhoneSimulator.Build.0 = Debug|Any CPU
		{FE528F51-2B36-4D1E-8697-5915A004C82B}.Release|Any CPU.ActiveCfg = Release|Any CPU
		{FE528F51-2B36-4D1E-8697-5915A004C82B}.Release|Any CPU.Build.0 = Release|Any CPU
		{FE528F51-2B36-4D1E-8697-5915A004C82B}.Release|iPhone.ActiveCfg = Release|Any CPU
		{FE528F51-2B36-4D1E-8697-5915A004C82B}.Release|iPhone.Build.0 = Release|Any CPU
		{FE528F51-2B36-4D1E-8697-5915A004C82B}.Release|iPhoneSimulator.ActiveCfg = Release|Any CPU
		{FE528F51-2B36-4D1E-8697-5915A004C82B}.Release|iPhoneSimulator.Build.0 = Release|Any CPU
		{184026C4-219C-4FB9-9D05-7F36D3B61A6F}.Ad-Hoc|Any CPU.ActiveCfg = Debug|Any CPU
		{184026C4-219C-4FB9-9D05-7F36D3B61A6F}.Ad-Hoc|Any CPU.Build.0 = Debug|Any CPU
		{184026C4-219C-4FB9-9D05-7F36D3B61A6F}.Ad-Hoc|iPhone.ActiveCfg = Debug|Any CPU
		{184026C4-219C-4FB9-9D05-7F36D3B61A6F}.Ad-Hoc|iPhone.Build.0 = Debug|Any CPU
		{184026C4-219C-4FB9-9D05-7F36D3B61A6F}.Ad-Hoc|iPhoneSimulator.ActiveCfg = Debug|Any CPU
		{184026C4-219C-4FB9-9D05-7F36D3B61A6F}.Ad-Hoc|iPhoneSimulator.Build.0 = Debug|Any CPU
		{184026C4-219C-4FB9-9D05-7F36D3B61A6F}.AppStore|Any CPU.ActiveCfg = Debug|Any CPU
		{184026C4-219C-4FB9-9D05-7F36D3B61A6F}.AppStore|Any CPU.Build.0 = Debug|Any CPU
		{184026C4-219C-4FB9-9D05-7F36D3B61A6F}.AppStore|iPhone.ActiveCfg = Debug|Any CPU
		{184026C4-219C-4FB9-9D05-7F36D3B61A6F}.AppStore|iPhone.Build.0 = Debug|Any CPU
		{184026C4-219C-4FB9-9D05-7F36D3B61A6F}.AppStore|iPhoneSimulator.ActiveCfg = Debug|Any CPU
		{184026C4-219C-4FB9-9D05-7F36D3B61A6F}.AppStore|iPhoneSimulator.Build.0 = Debug|Any CPU
		{184026C4-219C-4FB9-9D05-7F36D3B61A6F}.Debug|Any CPU.ActiveCfg = Debug|Any CPU
		{184026C4-219C-4FB9-9D05-7F36D3B61A6F}.Debug|Any CPU.Build.0 = Debug|Any CPU
		{184026C4-219C-4FB9-9D05-7F36D3B61A6F}.Debug|iPhone.ActiveCfg = Debug|Any CPU
		{184026C4-219C-4FB9-9D05-7F36D3B61A6F}.Debug|iPhone.Build.0 = Debug|Any CPU
		{184026C4-219C-4FB9-9D05-7F36D3B61A6F}.Debug|iPhoneSimulator.ActiveCfg = Debug|Any CPU
		{184026C4-219C-4FB9-9D05-7F36D3B61A6F}.Debug|iPhoneSimulator.Build.0 = Debug|Any CPU
		{184026C4-219C-4FB9-9D05-7F36D3B61A6F}.Release|Any CPU.ActiveCfg = Release|Any CPU
		{184026C4-219C-4FB9-9D05-7F36D3B61A6F}.Release|Any CPU.Build.0 = Release|Any CPU
		{184026C4-219C-4FB9-9D05-7F36D3B61A6F}.Release|iPhone.ActiveCfg = Release|Any CPU
		{184026C4-219C-4FB9-9D05-7F36D3B61A6F}.Release|iPhone.Build.0 = Release|Any CPU
		{184026C4-219C-4FB9-9D05-7F36D3B61A6F}.Release|iPhoneSimulator.ActiveCfg = Release|Any CPU
		{184026C4-219C-4FB9-9D05-7F36D3B61A6F}.Release|iPhoneSimulator.Build.0 = Release|Any CPU
	EndGlobalSection
	GlobalSection(SolutionProperties) = preSolution
		HideSolutionNode = FALSE
	EndGlobalSection
	GlobalSection(ExtensibilityGlobals) = postSolution
		SolutionGuid = {FFD30750-C77D-4A08-AA29-D7C4326D56BD}
	EndGlobalSection
EndGlobal
